
Microsoft Visual Studio Solution File, Format Version 12.00
# Visual Studio 15
VisualStudioVersion = 15.0.26730.16
MinimumVisualStudioVersion = 10.0.40219.1
Project("{FAE04EC0-301F-11D3-BF4B-00C04F79EFBC}") = "PreWork1", "PreWork1\PreWork1.csproj", "{3D36035E-D21B-4185-95C6-81183679C7C6}"
EndProject
Global
	GlobalSection(SolutionConfigurationPlatforms) = preSolution
		Debug|Any CPU = Debug|Any CPU
		Release|Any CPU = Release|Any CPU
	EndGlobalSection
	GlobalSection(ProjectConfigurationPlatforms) = postSolution
		{3D36035E-D21B-4185-95C6-81183679C7C6}.Debug|Any CPU.ActiveCfg = Debug|Any CPU
		{3D36035E-D21B-4185-95C6-81183679C7C6}.Debug|Any CPU.Build.0 = Debug|Any CPU
		{3D36035E-D21B-4185-95C6-81183679C7C6}.Release|Any CPU.ActiveCfg = Release|Any CPU
		{3D36035E-D21B-4185-95C6-81183679C7C6}.Release|Any CPU.Build.0 = Release|Any CPU
	EndGlobalSection
	GlobalSection(SolutionProperties) = preSolution
		HideSolutionNode = FALSE
	EndGlobalSection
	GlobalSection(ExtensibilityGlobals) = postSolution
		SolutionGuid = {1085C2E4-44DF-4F9A-9FC4-3FFB24D34B17}
	EndGlobalSection
EndGlobal
